
Microsoft Visual Studio Solution File, Format Version 12.00
# Visual Studio Version 16
VisualStudioVersion = 16.0.29424.173
MinimumVisualStudioVersion = 10.0.40219.1
Project("{9A19103F-16F7-4668-BE54-9A1E7A4F7556}") = "FriendOrganizer.UI", "FriendOrganizer.UI\FriendOrganizer.UI.csproj", "{8BF43DF4-012C-4294-AF88-CE5FD44863B8}"
EndProject
Project("{9A19103F-16F7-4668-BE54-9A1E7A4F7556}") = "FriendOrganizer.Model", "FriendOrganizer.Model\FriendOrganizer.Model.csproj", "{1878390E-F7E2-4FA9-BB93-E9389A2464BB}"
EndProject
Project("{FAE04EC0-301F-11D3-BF4B-00C04F79EFBC}") = "FriendOrganizer.DataAccess", "FriendOrganizer.DataAccess\FriendOrganizer.DataAccess.csproj", "{D6F0ABEC-E2D4-40FB-B4A1-1FAD2C3A0B3A}"
EndProject
Global
	GlobalSection(SolutionConfigurationPlatforms) = preSolution
		Debug|Any CPU = Debug|Any CPU
		Release|Any CPU = Release|Any CPU
	EndGlobalSection
	GlobalSection(ProjectConfigurationPlatforms) = postSolution
		{8BF43DF4-012C-4294-AF88-CE5FD44863B8}.Debug|Any CPU.ActiveCfg = Debug|Any CPU
		{8BF43DF4-012C-4294-AF88-CE5FD44863B8}.Debug|Any CPU.Build.0 = Debug|Any CPU
		{8BF43DF4-012C-4294-AF88-CE5FD44863B8}.Release|Any CPU.ActiveCfg = Release|Any CPU
		{8BF43DF4-012C-4294-AF88-CE5FD44863B8}.Release|Any CPU.Build.0 = Release|Any CPU
		{1878390E-F7E2-4FA9-BB93-E9389A2464BB}.Debug|Any CPU.ActiveCfg = Debug|Any CPU
		{1878390E-F7E2-4FA9-BB93-E9389A2464BB}.Debug|Any CPU.Build.0 = Debug|Any CPU
		{1878390E-F7E2-4FA9-BB93-E9389A2464BB}.Release|Any CPU.ActiveCfg = Release|Any CPU
		{1878390E-F7E2-4FA9-BB93-E9389A2464BB}.Release|Any CPU.Build.0 = Release|Any CPU
		{D6F0ABEC-E2D4-40FB-B4A1-1FAD2C3A0B3A}.Debug|Any CPU.ActiveCfg = Debug|Any CPU
		{D6F0ABEC-E2D4-40FB-B4A1-1FAD2C3A0B3A}.Debug|Any CPU.Build.0 = Debug|Any CPU
		{D6F0ABEC-E2D4-40FB-B4A1-1FAD2C3A0B3A}.Release|Any CPU.ActiveCfg = Release|Any CPU
		{D6F0ABEC-E2D4-40FB-B4A1-1FAD2C3A0B3A}.Release|Any CPU.Build.0 = Release|Any CPU
	EndGlobalSection
	GlobalSection(SolutionProperties) = preSolution
		HideSolutionNode = FALSE
	EndGlobalSection
	GlobalSection(ExtensibilityGlobals) = postSolution
		SolutionGuid = {EE85CCE0-EED1-4540-B72A-8C6A5BFFFBB0}
	EndGlobalSection
EndGlobal
